
Microsoft Visual Studio Solution File, Format Version 11.00
# Visual Studio 2010
Project("{FAE04EC0-301F-11D3-BF4B-00C04F79EFBC}") = "Assembly-CSharp", "Assembly-CSharp.csproj", "{2A92E80A-AB48-33C2-5FAF-F49F33D45962}"
EndProject
Project("{FAE04EC0-301F-11D3-BF4B-00C04F79EFBC}") = "Assembly-CSharp-firstpass", "Assembly-CSharp-firstpass.csproj", "{9BB59B87-FA7C-9496-3A62-2573BFFB318E}"
EndProject
Project("{FAE04EC0-301F-11D3-BF4B-00C04F79EFBC}") = "Assembly-CSharp-Editor", "Assembly-CSharp-Editor.csproj", "{1AF5A46E-55B0-F489-76BB-A26A2A69DCF9}"
EndProject
Global
	GlobalSection(SolutionConfigurationPlatforms) = preSolution
		Debug|Any CPU = Debug|Any CPU
		Release|Any CPU = Release|Any CPU
	EndGlobalSection
	GlobalSection(ProjectConfigurationPlatforms) = postSolution
		{2A92E80A-AB48-33C2-5FAF-F49F33D45962}.Debug|Any CPU.ActiveCfg = Debug|Any CPU
		{2A92E80A-AB48-33C2-5FAF-F49F33D45962}.Debug|Any CPU.Build.0 = Debug|Any CPU
		{2A92E80A-AB48-33C2-5FAF-F49F33D45962}.Release|Any CPU.ActiveCfg = Release|Any CPU
		{2A92E80A-AB48-33C2-5FAF-F49F33D45962}.Release|Any CPU.Build.0 = Release|Any CPU
		{9BB59B87-FA7C-9496-3A62-2573BFFB318E}.Debug|Any CPU.ActiveCfg = Debug|Any CPU
		{9BB59B87-FA7C-9496-3A62-2573BFFB318E}.Debug|Any CPU.Build.0 = Debug|Any CPU
		{9BB59B87-FA7C-9496-3A62-2573BFFB318E}.Release|Any CPU.ActiveCfg = Release|Any CPU
		{9BB59B87-FA7C-9496-3A62-2573BFFB318E}.Release|Any CPU.Build.0 = Release|Any CPU
		{1AF5A46E-55B0-F489-76BB-A26A2A69DCF9}.Debug|Any CPU.ActiveCfg = Debug|Any CPU
		{1AF5A46E-55B0-F489-76BB-A26A2A69DCF9}.Debug|Any CPU.Build.0 = Debug|Any CPU
		{1AF5A46E-55B0-F489-76BB-A26A2A69DCF9}.Release|Any CPU.ActiveCfg = Release|Any CPU
		{1AF5A46E-55B0-F489-76BB-A26A2A69DCF9}.Release|Any CPU.Build.0 = Release|Any CPU
	EndGlobalSection
	GlobalSection(SolutionProperties) = preSolution
		HideSolutionNode = FALSE
	EndGlobalSection
EndGlobal
